<?xml version="1.0" encoding="UTF-8"?>
<Scheme
   LastUpgradeVersion = "0620"
   version = "2.0">
   <BuildAction
      parallelizeBuildables = "YES"
      buildImplicitDependencies = "YES">
      <BuildActionEntries>
         <BuildActionEntry
            buildForTesting = "YES"
            buildForRunning = "YES"
            buildForProfiling = "YES"
            buildForArchiving = "YES"
            buildForAnalyzing = "YES">
            <BuildableReference
               BuildableIdentifier = "primary"
               BlueprintIdentifier = "D477906C1A1F7575009BE95D"
               BuildableName = "StudenTT Watch App.app"
               BlueprintName = "StudenTT Watch App"
               ReferencedContainer = "container:StudenTT.xcodeproj">
            </BuildableReference>
         </BuildActionEntry>
         <BuildActionEntry
            buildForTesting = "YES"
            buildForRunning = "YES"
            buildForProfiling = "YES"
            buildForArchiving = "YES"
            buildForAnalyzing = "YES">
            <BuildableReference
               BuildableIdentifier = "primary"
               BlueprintIdentifier = "D47920781A1D071500187814"
               BuildableName = "StudenTT.app"
               BlueprintName = "StudenTT"
               ReferencedContainer = "container:StudenTT.xcodeproj">
            </BuildableReference>
         </BuildActionEntry>
         <BuildActionEntry
            buildForTesting = "YES"
            buildForRunning = "YES"
            buildForProfiling = "YES"
            buildForArchiving = "YES"
            buildForAnalyzing = "YES">
            <BuildableReference
               BuildableIdentifier = "primary"
               BlueprintIdentifier = "D477905C1A1F7575009BE95D"
               BuildableName = "StudenTT WatchKit Extension.appex"
               BlueprintName = "StudenTT WatchKit Extension"
               ReferencedContainer = "container:StudenTT.xcodeproj">
            </BuildableReference>
         </BuildActionEntry>
         <BuildActionEntry
            buildForTesting = "YES"
            buildForRunning = "YES"
            buildForProfiling = "NO"
            buildForArchiving = "NO"
            buildForAnalyzing = "YES">
            <BuildableReference
               BuildableIdentifier = "primary"
               BlueprintIdentifier = "D438B7D81A2E1A330084A5C3"
               BuildableName = "StudenTT-CommonTests.xctest"
               BlueprintName = "StudenTT-CommonTests"
               ReferencedContainer = "container:StudenTT.xcodeproj">
            </BuildableReference>
         </BuildActionEntry>
      </BuildActionEntries>
   </BuildAction>
   <TestAction
      selectedDebuggerIdentifier = "Xcode.DebuggerFoundation.Debugger.LLDB"
      selectedLauncherIdentifier = "Xcode.DebuggerFoundation.Launcher.LLDB"
      shouldUseLaunchSchemeArgsEnv = "YES"
      buildConfiguration = "Debug">
      <Testables>
         <TestableReference
            skipped = "NO">
            <BuildableReference
               BuildableIdentifier = "primary"
               BlueprintIdentifier = "D438B7D81A2E1A330084A5C3"
               BuildableName = "StudenTT-CommonTests.xctest"
               BlueprintName = "StudenTT-CommonTests"
               ReferencedContainer = "container:StudenTT.xcodeproj">
            </BuildableReference>
         </TestableReference>
      </Testables>
      <MacroExpansion>
         <BuildableReference
            BuildableIdentifier = "primary"
            BlueprintIdentifier = "D477906C1A1F7575009BE95D"
            BuildableName = "StudenTT Watch App.app"
            BlueprintName = "StudenTT Watch App"
            ReferencedContainer = "container:StudenTT.xcodeproj">
         </BuildableReference>
      </MacroExpansion>
   </TestAction>
   <LaunchAction
      selectedDebuggerIdentifier = "Xcode.DebuggerFoundation.Debugger.LLDB"
      selectedLauncherIdentifier = "Xcode.DebuggerFoundation.Launcher.LLDB"
      launchStyle = "0"
      useCustomWorkingDirectory = "NO"
      buildConfiguration = "Debug"
      ignoresPersistentStateOnLaunch = "NO"
      debugDocumentVersioning = "YES"
      allowLocationSimulation = "YES"
      language = "ru"
      launchAutomaticallySubstyle = "4">
      <RemoteRunnable
         runnableDebuggingMode = "2"
         BundleIdentifier = "com.apple.springboard"
         launchOptions = "4"
         RemotePath = "/StudenTT">
         <BuildableReference
            BuildableIdentifier = "primary"
            BlueprintIdentifier = "D477906C1A1F7575009BE95D"
            BuildableName = "StudenTT Watch App.app"
            BlueprintName = "StudenTT Watch App"
            ReferencedContainer = "container:StudenTT.xcodeproj">
         </BuildableReference>
      </RemoteRunnable>
      <MacroExpansion>
         <BuildableReference
            BuildableIdentifier = "primary"
            BlueprintIdentifier = "D477906C1A1F7575009BE95D"
            BuildableName = "StudenTT Watch App.app"
            BlueprintName = "StudenTT Watch App"
            ReferencedContainer = "container:StudenTT.xcodeproj">
         </BuildableReference>
      </MacroExpansion>
      <AdditionalOptions>
      </AdditionalOptions>
   </LaunchAction>
   <ProfileAction
      shouldUseLaunchSchemeArgsEnv = "YES"
      savedToolIdentifier = ""
      useCustomWorkingDirectory = "NO"
      buildConfiguration = "Release"
      debugDocumentVersioning = "YES">
      <MacroExpansion>
         <BuildableReference
            BuildableIdentifier = "primary"
            BlueprintIdentifier = "D477906C1A1F7575009BE95D"
            BuildableName = "StudenTT Watch App.app"
            BlueprintName = "StudenTT Watch App"
            ReferencedContainer = "container:StudenTT.xcodeproj">
         </BuildableReference>
      </MacroExpansion>
      <RemoteRunnable
         runnableDebuggingMode = "2"
         BundleIdentifier = "com.apple.springboard"
         RemotePath = "/StudenTT">
         <BuildableReference
            BuildableIdentifier = "primary"
            BlueprintIdentifier = "D477906C1A1F7575009BE95D"
            BuildableName = "StudenTT Watch App.app"
            BlueprintName = "StudenTT Watch App"
            ReferencedContainer = "container:StudenTT.xcodeproj">
         </BuildableReference>
      </RemoteRunnable>
   </ProfileAction>
   <AnalyzeAction
      buildConfiguration = "Debug">
   </AnalyzeAction>
   <ArchiveAction
      buildConfiguration = "Release"
      revealArchiveInOrganizer = "YES">
   </ArchiveAction>
</Scheme>
